github.com/aidenappl/go-monitor v0.0.0-20260206144105-41b30528e24e h1:y807Hex03S70ZNFmAcHj36lavuhO5QtnUtmQENprnrQ=
github.com/aidenappl/go-monitor v0.0.0-20260206144105-41b30528e24e/go.mod h1:oa9BLzq+hdIRTjg2q4P6SSgsRlDypYEga5zcbekCto8=
github.com/gorilla/mux v1.8.1 h1:TuBL49tXwgrFYWhqrNgrUNEY92u81SPhu7sTdzQEiWY=
github.com/gorilla/mux v1.8.1/go.mod h1:AKf9I4AEqPTmMytcMc0KkNouC66V3BtZ4qD5fmWSiMQ=
